
Microsoft Visual Studio Solution File, Format Version 12.00
# Visual Studio Version 17
VisualStudioVersion = 17.2.32630.192
MinimumVisualStudioVersion = 10.0.40219.1
Project("{FAE04EC0-301F-11D3-BF4B-00C04F79EFBC}") = "2022_10_06_1.3.2", "2022_10_06_1.3.2\2022_10_06_1.3.2.csproj", "{ADF9582B-E6EB-4EBC-9AF1-D701161838D2}"
EndProject
Global
	GlobalSection(SolutionConfigurationPlatforms) = preSolution
		Debug|Any CPU = Debug|Any CPU
		Release|Any CPU = Release|Any CPU
	EndGlobalSection
	GlobalSection(ProjectConfigurationPlatforms) = postSolution
		{ADF9582B-E6EB-4EBC-9AF1-D701161838D2}.Debug|Any CPU.ActiveCfg = Debug|Any CPU
		{ADF9582B-E6EB-4EBC-9AF1-D701161838D2}.Debug|Any CPU.Build.0 = Debug|Any CPU
		{ADF9582B-E6EB-4EBC-9AF1-D701161838D2}.Release|Any CPU.ActiveCfg = Release|Any CPU
		{ADF9582B-E6EB-4EBC-9AF1-D701161838D2}.Release|Any CPU.Build.0 = Release|Any CPU
	EndGlobalSection
	GlobalSection(SolutionProperties) = preSolution
		HideSolutionNode = FALSE
	EndGlobalSection
	GlobalSection(ExtensibilityGlobals) = postSolution
		SolutionGuid = {1182C5D9-F025-4E11-A2FD-B51CEF2FFA5A}
	EndGlobalSection
EndGlobal
